
Microsoft Visual Studio Solution File, Format Version 12.00
# Visual Studio 15
VisualStudioVersion = 15.0.27004.2005
MinimumVisualStudioVersion = 10.0.40219.1
Project("{FAE04EC0-301F-11D3-BF4B-00C04F79EFBC}") = "personalTechBlog", "personalTechBlog\personalTechBlog.csproj", "{9F8A448A-5D4E-4CB5-B4F1-608A6B33BB95}"
EndProject
Global
	GlobalSection(SolutionConfigurationPlatforms) = preSolution
		Debug|Any CPU = Debug|Any CPU
		Release|Any CPU = Release|Any CPU
	EndGlobalSection
	GlobalSection(ProjectConfigurationPlatforms) = postSolution
		{9F8A448A-5D4E-4CB5-B4F1-608A6B33BB95}.Debug|Any CPU.ActiveCfg = Debug|Any CPU
		{9F8A448A-5D4E-4CB5-B4F1-608A6B33BB95}.Debug|Any CPU.Build.0 = Debug|Any CPU
		{9F8A448A-5D4E-4CB5-B4F1-608A6B33BB95}.Release|Any CPU.ActiveCfg = Release|Any CPU
		{9F8A448A-5D4E-4CB5-B4F1-608A6B33BB95}.Release|Any CPU.Build.0 = Release|Any CPU
	EndGlobalSection
	GlobalSection(SolutionProperties) = preSolution
		HideSolutionNode = FALSE
	EndGlobalSection
	GlobalSection(ExtensibilityGlobals) = postSolution
		SolutionGuid = {A8EFEF36-172A-4B0A-9488-659F39C9CA09}
	EndGlobalSection
EndGlobal
